
Microsoft Visual Studio Solution File, Format Version 12.00
# Visual Studio 2012
Project("{FAE04EC0-301F-11D3-BF4B-00C04F79EFBC}") = "NPetrovich", "NPetrovich\NPetrovich.csproj", "{062D7B36-6921-495E-AF54-2CC37473545C}"
EndProject
Project("{FAE04EC0-301F-11D3-BF4B-00C04F79EFBC}") = "NPetrovich.Tests", "NPetrovich.Tests\NPetrovich.Tests.csproj", "{0C7C8C20-F71C-4E37-8176-30E3A85061E3}"
EndProject
Global
	GlobalSection(SolutionConfigurationPlatforms) = preSolution
		Debug|Any CPU = Debug|Any CPU
		Release|Any CPU = Release|Any CPU
	EndGlobalSection
	GlobalSection(ProjectConfigurationPlatforms) = postSolution
		{062D7B36-6921-495E-AF54-2CC37473545C}.Debug|Any CPU.ActiveCfg = Debug|Any CPU
		{062D7B36-6921-495E-AF54-2CC37473545C}.Debug|Any CPU.Build.0 = Debug|Any CPU
		{062D7B36-6921-495E-AF54-2CC37473545C}.Release|Any CPU.ActiveCfg = Release|Any CPU
		{062D7B36-6921-495E-AF54-2CC37473545C}.Release|Any CPU.Build.0 = Release|Any CPU
		{0C7C8C20-F71C-4E37-8176-30E3A85061E3}.Debug|Any CPU.ActiveCfg = Debug|Any CPU
		{0C7C8C20-F71C-4E37-8176-30E3A85061E3}.Debug|Any CPU.Build.0 = Debug|Any CPU
		{0C7C8C20-F71C-4E37-8176-30E3A85061E3}.Release|Any CPU.ActiveCfg = Release|Any CPU
		{0C7C8C20-F71C-4E37-8176-30E3A85061E3}.Release|Any CPU.Build.0 = Release|Any CPU
	EndGlobalSection
	GlobalSection(SolutionProperties) = preSolution
		HideSolutionNode = FALSE
	EndGlobalSection
EndGlobal
