
Microsoft Visual Studio Solution File, Format Version 12.00
Project("{FAE04EC0-301F-11D3-BF4B-00C04F79EFBC}") = "NPetrovich", "NPetrovich\NPetrovich.csproj", "{C85C02C2-7A2A-4FF9-A235-DCD577C87B3D}"
EndProject
Project("{FAE04EC0-301F-11D3-BF4B-00C04F79EFBC}") = "NPetrovich.Eval", "NPetrovich.Eval\NPetrovich.Eval.csproj", "{A42462B3-DC64-40A3-812A-AD4FC3D6AA49}"
EndProject
Project("{FAE04EC0-301F-11D3-BF4B-00C04F79EFBC}") = "NPetrovich.Tests", "NPetrovich.Tests\NPetrovich.Tests.csproj", "{C3B84DDA-5D07-48F3-BFF6-65BE46BA1DC7}"
EndProject
Project("{FAE04EC0-301F-11D3-BF4B-00C04F79EFBC}") = "NPetrovich.Extensions.DependencyInjection", "NPetrovich.Extensions.DependencyInjection\NPetrovich.Extensions.DependencyInjection.csproj", "{1FF3E1EC-3EFD-47D2-81CF-AE3790DFBFA7}"
EndProject
Global
	GlobalSection(SolutionConfigurationPlatforms) = preSolution
		Debug|Any CPU = Debug|Any CPU
		Release|Any CPU = Release|Any CPU
	EndGlobalSection
	GlobalSection(ProjectConfigurationPlatforms) = postSolution
		{C85C02C2-7A2A-4FF9-A235-DCD577C87B3D}.Debug|Any CPU.ActiveCfg = Debug|Any CPU
		{C85C02C2-7A2A-4FF9-A235-DCD577C87B3D}.Debug|Any CPU.Build.0 = Debug|Any CPU
		{C85C02C2-7A2A-4FF9-A235-DCD577C87B3D}.Release|Any CPU.ActiveCfg = Release|Any CPU
		{C85C02C2-7A2A-4FF9-A235-DCD577C87B3D}.Release|Any CPU.Build.0 = Release|Any CPU
		{A42462B3-DC64-40A3-812A-AD4FC3D6AA49}.Debug|Any CPU.ActiveCfg = Debug|Any CPU
		{A42462B3-DC64-40A3-812A-AD4FC3D6AA49}.Debug|Any CPU.Build.0 = Debug|Any CPU
		{A42462B3-DC64-40A3-812A-AD4FC3D6AA49}.Release|Any CPU.ActiveCfg = Release|Any CPU
		{A42462B3-DC64-40A3-812A-AD4FC3D6AA49}.Release|Any CPU.Build.0 = Release|Any CPU
		{C3B84DDA-5D07-48F3-BFF6-65BE46BA1DC7}.Debug|Any CPU.ActiveCfg = Debug|Any CPU
		{C3B84DDA-5D07-48F3-BFF6-65BE46BA1DC7}.Debug|Any CPU.Build.0 = Debug|Any CPU
		{C3B84DDA-5D07-48F3-BFF6-65BE46BA1DC7}.Release|Any CPU.ActiveCfg = Release|Any CPU
		{C3B84DDA-5D07-48F3-BFF6-65BE46BA1DC7}.Release|Any CPU.Build.0 = Release|Any CPU
		{1FF3E1EC-3EFD-47D2-81CF-AE3790DFBFA7}.Debug|Any CPU.ActiveCfg = Debug|Any CPU
		{1FF3E1EC-3EFD-47D2-81CF-AE3790DFBFA7}.Debug|Any CPU.Build.0 = Debug|Any CPU
		{1FF3E1EC-3EFD-47D2-81CF-AE3790DFBFA7}.Release|Any CPU.ActiveCfg = Release|Any CPU
		{1FF3E1EC-3EFD-47D2-81CF-AE3790DFBFA7}.Release|Any CPU.Build.0 = Release|Any CPU
	EndGlobalSection
EndGlobal
